{
  "name": "custom-root",
  "lockfileVersion": 3,
  "packages": {
    "":                          { "name": "custom-root", "workspaces": ["apps/*"] },
    "apps/safe":                 { "name": "custom-safe", "version": "1.0.0", "dependencies": {"dayjs": "1.11.10"} },
    "apps/vuln":                 { "name": "custom-vuln", "version": "1.0.0", "dependencies": {"lodash": "4.17.10"} },
    "node_modules/custom-safe":  { "resolved": "apps/safe", "link": true },
    "node_modules/custom-vuln":  { "resolved": "apps/vuln", "link": true },
    "node_modules/dayjs":        { "version": "1.11.10" },
    "node_modules/lodash":       { "version": "4.17.10" }
  }
}
