{
  "name": "m3-root",
  "lockfileVersion": 3,
  "packages": {
    "":                         { "name": "m3-root", "workspaces": ["packages/*"] },
    "packages/a":               { "name": "m3-a", "version": "1.0.0", "dependencies": {"m3-b": "1.0.0"} },
    "packages/b":               { "name": "m3-b", "version": "1.0.0", "dependencies": {"lodash": "4.17.10"} },
    "node_modules/m3-a":        { "resolved": "packages/a", "link": true },
    "node_modules/m3-b":        { "resolved": "packages/b", "link": true },
    "node_modules/lodash":      { "version": "4.17.10" }
  }
}
