{
  "name": "leak-root",
  "lockfileVersion": 3,
  "packages": {
    "":                          { "name": "leak-root", "workspaces": ["packages/*"] },
    "packages/safe-app":         { "name": "safe-app", "version": "1.0.0", "dependencies": {"dayjs": "1.11.10"} },
    "packages/vuln-app":         { "name": "vuln-app", "version": "1.0.0", "dependencies": {"lodash": "4.17.10"} },
    "node_modules/safe-app":     { "resolved": "packages/safe-app", "link": true },
    "node_modules/vuln-app":     { "resolved": "packages/vuln-app", "link": true },
    "node_modules/dayjs":        { "version": "1.11.10" },
    "node_modules/lodash":       { "version": "4.17.10" }
  }
}
