{
  "name": "deep-root",
  "lockfileVersion": 3,
  "packages": {
    "":                      { "name": "deep-root", "workspaces": ["packages/*"] },
    "packages/a":            { "name": "deep-a", "version": "1.0.0", "dependencies": {"deep-b": "1.0.0"} },
    "packages/b":            { "name": "deep-b", "version": "1.0.0", "dependencies": {"deep-c": "1.0.0"} },
    "packages/c":            { "name": "deep-c", "version": "1.0.0", "dependencies": {"lodash": "4.17.10"} },
    "node_modules/deep-a":   { "resolved": "packages/a", "link": true },
    "node_modules/deep-b":   { "resolved": "packages/b", "link": true },
    "node_modules/deep-c":   { "resolved": "packages/c", "link": true },
    "node_modules/lodash":   { "version": "4.17.10" }
  }
}
