{
  "name": "collision-root",
  "lockfileVersion": 3,
  "packages": {
    "":                            { "name": "collision-root", "workspaces": ["packages/*"] },
    "packages/lodash-ws":          { "name": "lodash", "version": "99.0.0" },
    "packages/consumer":           { "name": "consumer", "version": "1.0.0", "dependencies": {"lodash": "99.0.0"} },
    "node_modules/lodash":         { "version": "99.0.0", "resolved": "packages/lodash-ws", "link": true },
    "node_modules/lodash-external": { "version": "4.17.10" },
    "node_modules/lodash-leaker":  { "version": "1.0.0", "dependencies": {"lodash-external": "4.17.10"} }
  }
}
